Microsoft Visual Studio Solution File, Format Version 11.00
# Visual Studio 2008

Project("{7FDE0B70-28AC-D589-7F97-F980EC003232}") = "JT FOOTBALL", "Assembly-CSharp-firstpass.csproj", "{24D5FE9A-A32E-9225-A734-C7E565F8AA59}"
EndProject
Project("{7FDE0B70-28AC-D589-7F97-F980EC003232}") = "JT FOOTBALL", "Assembly-CSharp.csproj", "{FDAFFDEC-BE31-24BD-9959-70DE2D27CA7B}"
EndProject
Project("{7FDE0B70-28AC-D589-7F97-F980EC003232}") = "JT FOOTBALL", "Assembly-UnityScript-firstpass.unityproj", "{86F87D86-24A3-3BF9-84CE-A0A1A41A73E4}"
EndProject
Global
	GlobalSection(SolutionConfigurationPlatforms) = preSolution
		Debug|Any CPU = Debug|Any CPU
		Release|Any CPU = Release|Any CPU
	EndGlobalSection
	GlobalSection(ProjectConfigurationPlatforms) = postSolution
		{24D5FE9A-A32E-9225-A734-C7E565F8AA59}.Debug|Any CPU.ActiveCfg = Debug|Any CPU
		{24D5FE9A-A32E-9225-A734-C7E565F8AA59}.Debug|Any CPU.Build.0 = Debug|Any CPU
		{24D5FE9A-A32E-9225-A734-C7E565F8AA59}.Release|Any CPU.ActiveCfg = Release|Any CPU
		{24D5FE9A-A32E-9225-A734-C7E565F8AA59}.Release|Any CPU.Build.0 = Release|Any CPU
		{FDAFFDEC-BE31-24BD-9959-70DE2D27CA7B}.Debug|Any CPU.ActiveCfg = Debug|Any CPU
		{FDAFFDEC-BE31-24BD-9959-70DE2D27CA7B}.Debug|Any CPU.Build.0 = Debug|Any CPU
		{FDAFFDEC-BE31-24BD-9959-70DE2D27CA7B}.Release|Any CPU.ActiveCfg = Release|Any CPU
		{FDAFFDEC-BE31-24BD-9959-70DE2D27CA7B}.Release|Any CPU.Build.0 = Release|Any CPU
		{86F87D86-24A3-3BF9-84CE-A0A1A41A73E4}.Debug|Any CPU.ActiveCfg = Debug|Any CPU
		{86F87D86-24A3-3BF9-84CE-A0A1A41A73E4}.Debug|Any CPU.Build.0 = Debug|Any CPU
		{86F87D86-24A3-3BF9-84CE-A0A1A41A73E4}.Release|Any CPU.ActiveCfg = Release|Any CPU
		{86F87D86-24A3-3BF9-84CE-A0A1A41A73E4}.Release|Any CPU.Build.0 = Release|Any CPU
	EndGlobalSection
	GlobalSection(SolutionProperties) = preSolution
		HideSolutionNode = FALSE
	EndGlobalSection
																																																																																																																																																																																																																																																																																																																																																																					GlobalSection(MonoDevelopProperties) = preSolution
		StartupItem = Assembly-CSharp.csproj
		Policies = $0
		$0.TextStylePolicy = $1
		$1.inheritsSet = null
		$1.scope = text/x-csharp
		$0.CSharpFormattingPolicy = $2
		$2.inheritsSet = Mono
		$2.inheritsScope = text/x-csharp
		$2.scope = text/x-csharp
		$0.TextStylePolicy = $3
		$3.FileWidth = 120
		$3.TabWidth = 4
		$3.EolMarker = Unix
		$3.inheritsSet = Mono
		$3.inheritsScope = text/plain
		$3.scope = text/plain
	EndGlobalSection

EndGlobal
